{
  "name": "wasm-schemaload",
  "version": "1.0.0",
  "lockfileVersion": 3,
  "requires": true,
  "packages": {
    "": {
      "name": "wasm-schemaload",
      "version": "1.0.0",
      "license": "ISC",
      "dependencies": {
        "libxml2-wasm": "^0.6.0"
      }
    },
    "node_modules/libxml2-wasm": {
      "version": "0.6.0",
      "resolved": "https://registry.npmjs.org/libxml2-wasm/-/libxml2-wasm-0.6.0.tgz",
      "integrity": "sha512-CQ6bJT10o49FkL6O/zLYNf4DAm2eE6LH+ELMLf1z9842CXjgWejfOc5Fu/Yn/d6EnqTPrJbuB4i3D0MaYJ92Og==",
      "license": "MIT",
      "engines": {
        "node": ">=18"
      }
    }
  }
}
